
Microsoft Visual Studio Solution File, Format Version 12.00
# Visual Studio 15
VisualStudioVersion = 15.0.28307.489
MinimumVisualStudioVersion = 10.0.40219.1
Project("{8BC9CEB8-8B4A-11D0-8D11-00A0C91BC942}") = "TransportLayer", "TransportLayer\TransportLayer.vcxproj", "{9A6B08DD-5A25-4F11-9DB4-A0A235B858F8}"
EndProject
Global
	GlobalSection(SolutionConfigurationPlatforms) = preSolution
		Debug|x64 = Debug|x64
		Debug|x86 = Debug|x86
		Release|x64 = Release|x64
		Release|x86 = Release|x86
	EndGlobalSection
	GlobalSection(ProjectConfigurationPlatforms) = postSolution
		{9A6B08DD-5A25-4F11-9DB4-A0A235B858F8}.Debug|x64.ActiveCfg = Debug|x64
		{9A6B08DD-5A25-4F11-9DB4-A0A235B858F8}.Debug|x64.Build.0 = Debug|x64
		{9A6B08DD-5A25-4F11-9DB4-A0A235B858F8}.Debug|x86.ActiveCfg = Debug|Win32
		{9A6B08DD-5A25-4F11-9DB4-A0A235B858F8}.Debug|x86.Build.0 = Debug|Win32
		{9A6B08DD-5A25-4F11-9DB4-A0A235B858F8}.Release|x64.ActiveCfg = Release|x64
		{9A6B08DD-5A25-4F11-9DB4-A0A235B858F8}.Release|x64.Build.0 = Release|x64
		{9A6B08DD-5A25-4F11-9DB4-A0A235B858F8}.Release|x86.ActiveCfg = Release|Win32
		{9A6B08DD-5A25-4F11-9DB4-A0A235B858F8}.Release|x86.Build.0 = Release|Win32
	EndGlobalSection
	GlobalSection(SolutionProperties) = preSolution
		HideSolutionNode = FALSE
	EndGlobalSection
	GlobalSection(ExtensibilityGlobals) = postSolution
		SolutionGuid = {E4A359FD-89E4-43B0-87C9-A3542D250885}
	EndGlobalSection
EndGlobal
